// !$*UTF8*$!
{
	archiveVersion = 1;
	classes = {
	};
	objectVersion = 46;
	objects = {

/* Begin PBXBuildFile section */
		4C5CB6A61ADD3CC2009F9973 /* main.m in Sources */ = {isa = PBXBuildFile; fileRef = 4C5CB6A51ADD3CC2009F9973 /* main.m */; };
		4C5CB6A91ADD3CC2009F9973 /* AppDelegate.m in Sources */ = {isa = PBXBuildFile; fileRef = 4C5CB6A81ADD3CC2009F9973 /* AppDelegate.m */; };
		4C5CB6AF1ADD3CC2009F9973 /* Main.storyboard in Resources */ = {isa = PBXBuildFile; fileRef = 4C5CB6AD1ADD3CC2009F9973 /* Main.storyboard */; };
		4C5CB6B11ADD3CC2009F9973 /* Images.xcassets in Resources */ = {isa = PBXBuildFile; fileRef = 4C5CB6B01ADD3CC2009F9973 /* Images.xcassets */; };
		4C5CB6B41ADD3CC2009F9973 /* LaunchScreen.xib in Resources */ = {isa = PBXBuildFile; fileRef = 4C5CB6B21ADD3CC2009F9973 /* LaunchScreen.xib */; };
		4C5CB6C01ADD3CC3009F9973 /* avmProjesiTests.m in Sources */ = {isa = PBXBuildFile; fileRef = 4C5CB6BF1ADD3CC3009F9973 /* avmProjesiTests.m */; };
		4C5CB6CB1ADD3E96009F9973 /* MainViewController.m in Sources */ = {isa = PBXBuildFile; fileRef = 4C5CB6CA1ADD3E96009F9973 /* MainViewController.m */; };
		4C5CB6CF1ADD3F05009F9973 /* ParkCreateViewController.m in Sources */ = {isa = PBXBuildFile; fileRef = 4C5CB6CE1ADD3F05009F9973 /* ParkCreateViewController.m */; };
		4C5CB6D21ADD3F2A009F9973 /* ParkStatusViewController.m in Sources */ = {isa = PBXBuildFile; fileRef = 4C5CB6D11ADD3F2A009F9973 /* ParkStatusViewController.m */; };
		4C5CB6D51ADD4014009F9973 /* SearchViewController.m in Sources */ = {isa = PBXBuildFile; fileRef = 4C5CB6D41ADD4014009F9973 /* SearchViewController.m */; };
		4C5CB6DB1ADD41B8009F9973 /* CategoryListViewController.m in Sources */ = {isa = PBXBuildFile; fileRef = 4C5CB6DA1ADD41B8009F9973 /* CategoryListViewController.m */; };
		4C5CB6DE1ADD42A0009F9973 /* MagazaViewController.m in Sources */ = {isa = PBXBuildFile; fileRef = 4C5CB6DD1ADD42A0009F9973 /* MagazaViewController.m */; };
/* End PBXBuildFile section */

/* Begin PBXContainerItemProxy section */
		4C5CB6BA1ADD3CC3009F9973 /* PBXContainerItemProxy */ = {
			isa = PBXContainerItemProxy;
			containerPortal = 4C5CB6981ADD3CC2009F9973 /* Project object */;
			proxyType = 1;
			remoteGlobalIDString = 4C5CB69F1ADD3CC2009F9973;
			remoteInfo = avmProjesi;
		};
/* End PBXContainerItemProxy section */

/* Begin PBXFileReference section */
		4C5CB6A01ADD3CC2009F9973 /* avmProjesi.app */ = {isa = PBXFileReference; explicitFileType = wrapper.application; includeInIndex = 0; path = avmProjesi.app; sourceTree = BUILT_PRODUCTS_DIR; };
		4C5CB6A41ADD3CC2009F9973 /* Info.plist */ = {isa = PBXFileReference; lastKnownFileType = text.plist.xml; path = Info.plist; sourceTree = "<group>"; };
		4C5CB6A51ADD3CC2009F9973 /* main.m */ = {isa = PBXFileReference; lastKnownFileType = sourcecode.c.objc; path = main.m; sourceTree = "<group>"; };
		4C5CB6A71ADD3CC2009F9973 /* AppDelegate.h */ = {isa = PBXFileReference; lastKnownFileType = sourcecode.c.h; path = AppDelegate.h; sourceTree = "<group>"; };
		4C5CB6A81ADD3CC2009F9973 /* AppDelegate.m */ = {isa = PBXFileReference; lastKnownFileType = sourcecode.c.objc; path = AppDelegate.m; sourceTree = "<group>"; };
		4C5CB6AE1ADD3CC2009F9973 /* Base */ = {isa = PBXFileReference; lastKnownFileType = file.storyboard; name = Base; path = Base.lproj/Main.storyboard; sourceTree = "<group>"; };
		4C5CB6B01ADD3CC2009F9973 /* Images.xcassets */ = {isa = PBXFileReference; lastKnownFileType = folder.assetcatalog; path = Images.xcassets; sourceTree = "<group>"; };
		4C5CB6B31ADD3CC2009F9973 /* Base */ = {isa = PBXFileReference; lastKnownFileType = file.xib; name = Base; path = Base.lproj/LaunchScreen.xib; sourceTree = "<group>"; };
		4C5CB6B91ADD3CC3009F9973 /* avmProjesiTests.xctest */ = {isa = PBXFileReference; explicitFileType = wrapper.cfbundle; includeInIndex = 0; path = avmProjesiTests.xctest; sourceTree = BUILT_PRODUCTS_DIR; };
		4C5CB6BE1ADD3CC3009F9973 /* Info.plist */ = {isa = PBXFileReference; lastKnownFileType = text.plist.xml; path = Info.plist; sourceTree = "<group>"; };
		4C5CB6BF1ADD3CC3009F9973 /* avmProjesiTests.m */ = {isa = PBXFileReference; lastKnownFileType = sourcecode.c.objc; path = avmProjesiTests.m; sourceTree = "<group>"; };
		4C5CB6C91ADD3E96009F9973 /* MainViewController.h */ = {isa = PBXFileReference; fileEncoding = 4; lastKnownFileType = sourcecode.c.h; path = MainViewController.h; sourceTree = "<group>"; };
		4C5CB6CA1ADD3E96009F9973 /* MainViewController.m */ = {isa = PBXFileReference; fileEncoding = 4; lastKnownFileType = sourcecode.c.objc; path = MainViewController.m; sourceTree = "<group>"; };
		4C5CB6CD1ADD3F05009F9973 /* ParkCreateViewController.h */ = {isa = PBXFileReference; fileEncoding = 4; lastKnownFileType = sourcecode.c.h; path = ParkCreateViewController.h; sourceTree = "<group>"; };
		4C5CB6CE1ADD3F05009F9973 /* ParkCreateViewController.m */ = {isa = PBXFileReference; fileEncoding = 4; lastKnownFileType = sourcecode.c.objc; path = ParkCreateViewController.m; sourceTree = "<group>"; };
		4C5CB6D01ADD3F2A009F9973 /* ParkStatusViewController.h */ = {isa = PBXFileReference; fileEncoding = 4; lastKnownFileType = sourcecode.c.h; path = ParkStatusViewController.h; sourceTree = "<group>"; };
		4C5CB6D11ADD3F2A009F9973 /* ParkStatusViewController.m */ = {isa = PBXFileReference; fileEncoding = 4; lastKnownFileType = sourcecode.c.objc; path = ParkStatusViewController.m; sourceTree = "<group>"; };
		4C5CB6D31ADD4014009F9973 /* SearchViewController.h */ = {isa = PBXFileReference; fileEncoding = 4; lastKnownFileType = sourcecode.c.h; path = SearchViewController.h; sourceTree = "<group>"; };
		4C5CB6D41ADD4014009F9973 /* SearchViewController.m */ = {isa = PBXFileReference; fileEncoding = 4; lastKnownFileType = sourcecode.c.objc; path = SearchViewController.m; sourceTree = "<group>"; };
		4C5CB6D91ADD41B8009F9973 /* CategoryListViewController.h */ = {isa = PBXFileReference; fileEncoding = 4; lastKnownFileType = sourcecode.c.h; path = CategoryListViewController.h; sourceTree = "<group>"; };
		4C5CB6DA1ADD41B8009F9973 /* CategoryListViewController.m */ = {isa = PBXFileReference; fileEncoding = 4; lastKnownFileType = sourcecode.c.objc; path = CategoryListViewController.m; sourceTree = "<group>"; };
		4C5CB6DC1ADD42A0009F9973 /* MagazaViewController.h */ = {isa = PBXFileReference; fileEncoding = 4; lastKnownFileType = sourcecode.c.h; path = MagazaViewController.h; sourceTree = "<group>"; };
		4C5CB6DD1ADD42A0009F9973 /* MagazaViewController.m */ = {isa = PBXFileReference; fileEncoding = 4; lastKnownFileType = sourcecode.c.objc; path = MagazaViewController.m; sourceTree = "<group>"; };
/* End PBXFileReference section */

/* Begin PBXFrameworksBuildPhase section */
		4C5CB69D1ADD3CC2009F9973 /* Frameworks */ = {
			isa = PBXFrameworksBuildPhase;
			buildActionMask = 2147483647;
			files = (
			);
			runOnlyForDeploymentPostprocessing = 0;
		};
		4C5CB6B61ADD3CC3009F9973 /* Frameworks */ = {
			isa = PBXFrameworksBuildPhase;
			buildActionMask = 2147483647;
			files = (
			);
			runOnlyForDeploymentPostprocessing = 0;
		};
/* End PBXFrameworksBuildPhase section */

/* Begin PBXGroup section */
		4C5CB6971ADD3CC2009F9973 = {
			isa = PBXGroup;
			children = (
				4C5CB6A21ADD3CC2009F9973 /* avmProjesi */,
				4C5CB6BC1ADD3CC3009F9973 /* avmProjesiTests */,
				4C5CB6A11ADD3CC2009F9973 /* Products */,
			);
			sourceTree = "<group>";
		};
		4C5CB6A11ADD3CC2009F9973 /* Products */ = {
			isa = PBXGroup;
			children = (
				4C5CB6A01ADD3CC2009F9973 /* avmProjesi.app */,
				4C5CB6B91ADD3CC3009F9973 /* avmProjesiTests.xctest */,
			);
			name = Products;
			sourceTree = "<group>";
		};
		4C5CB6A21ADD3CC2009F9973 /* avmProjesi */ = {
			isa = PBXGroup;
			children = (
				4C5CB6A71ADD3CC2009F9973 /* AppDelegate.h */,
				4C5CB6A81ADD3CC2009F9973 /* AppDelegate.m */,
				4C5CB6CC1ADD3E9F009F9973 /* View Controllers */,
				4C5CB6AD1ADD3CC2009F9973 /* Main.storyboard */,
				4C5CB6B01ADD3CC2009F9973 /* Images.xcassets */,
				4C5CB6B21ADD3CC2009F9973 /* LaunchScreen.xib */,
				4C5CB6A31ADD3CC2009F9973 /* Supporting Files */,
			);
			path = avmProjesi;
			sourceTree = "<group>";
		};
		4C5CB6A31ADD3CC2009F9973 /* Supporting Files */ = {
			isa = PBXGroup;
			children = (
				4C5CB6A41ADD3CC2009F9973 /* Info.plist */,
				4C5CB6A51ADD3CC2009F9973 /* main.m */,
			);
			name = "Supporting Files";
			sourceTree = "<group>";
		};
		4C5CB6BC1ADD3CC3009F9973 /* avmProjesiTests */ = {
			isa = PBXGroup;
			children = (
				4C5CB6BF1ADD3CC3009F9973 /* avmProjesiTests.m */,
				4C5CB6BD1ADD3CC3009F9973 /* Supporting Files */,
			);
			path = avmProjesiTests;
			sourceTree = "<group>";
		};
		4C5CB6BD1ADD3CC3009F9973 /* Supporting Files */ = {
			isa = PBXGroup;
			children = (
				4C5CB6BE1ADD3CC3009F9973 /* Info.plist */,
			);
			name = "Supporting Files";
			sourceTree = "<group>";
		};
		4C5CB6CC1ADD3E9F009F9973 /* View Controllers */ = {
			isa = PBXGroup;
			children = (
				4C5CB6C91ADD3E96009F9973 /* MainViewController.h */,
				4C5CB6CA1ADD3E96009F9973 /* MainViewController.m */,
				4C5CB6CD1ADD3F05009F9973 /* ParkCreateViewController.h */,
				4C5CB6CE1ADD3F05009F9973 /* ParkCreateViewController.m */,
				4C5CB6D01ADD3F2A009F9973 /* ParkStatusViewController.h */,
				4C5CB6D11ADD3F2A009F9973 /* ParkStatusViewController.m */,
				4C5CB6D31ADD4014009F9973 /* SearchViewController.h */,
				4C5CB6D41ADD4014009F9973 /* SearchViewController.m */,
				4C5CB6D91ADD41B8009F9973 /* CategoryListViewController.h */,
				4C5CB6DA1ADD41B8009F9973 /* CategoryListViewController.m */,
				4C5CB6DC1ADD42A0009F9973 /* MagazaViewController.h */,
				4C5CB6DD1ADD42A0009F9973 /* MagazaViewController.m */,
			);
			name = "View Controllers";
			sourceTree = "<group>";
		};
/* End PBXGroup section */

/* Begin PBXNativeTarget section */
		4C5CB69F1ADD3CC2009F9973 /* avmProjesi */ = {
			isa = PBXNativeTarget;
			buildConfigurationList = 4C5CB6C31ADD3CC3009F9973 /* Build configuration list for PBXNativeTarget "avmProjesi" */;
			buildPhases = (
				4C5CB69C1ADD3CC2009F9973 /* Sources */,
				4C5CB69D1ADD3CC2009F9973 /* Frameworks */,
				4C5CB69E1ADD3CC2009F9973 /* Resources */,
			);
			buildRules = (
			);
			dependencies = (
			);
			name = avmProjesi;
			productName = avmProjesi;
			productReference = 4C5CB6A01ADD3CC2009F9973 /* avmProjesi.app */;
			productType = "com.apple.product-type.application";
		};
		4C5CB6B81ADD3CC3009F9973 /* avmProjesiTests */ = {
			isa = PBXNativeTarget;
			buildConfigurationList = 4C5CB6C61ADD3CC3009F9973 /* Build configuration list for PBXNativeTarget "avmProjesiTests" */;
			buildPhases = (
				4C5CB6B51ADD3CC3009F9973 /* Sources */,
				4C5CB6B61ADD3CC3009F9973 /* Frameworks */,
				4C5CB6B71ADD3CC3009F9973 /* Resources */,
			);
			buildRules = (
			);
			dependencies = (
				4C5CB6BB1ADD3CC3009F9973 /* PBXTargetDependency */,
			);
			name = avmProjesiTests;
			productName = avmProjesiTests;
			productReference = 4C5CB6B91ADD3CC3009F9973 /* avmProjesiTests.xctest */;
			productType = "com.apple.product-type.bundle.unit-test";
		};
/* End PBXNativeTarget section */

/* Begin PBXProject section */
		4C5CB6981ADD3CC2009F9973 /* Project object */ = {
			isa = PBXProject;
			attributes = {
				LastUpgradeCheck = 0630;
				ORGANIZATIONNAME = "Umut Afacan";
				TargetAttributes = {
					4C5CB69F1ADD3CC2009F9973 = {
						CreatedOnToolsVersion = 6.3;
					};
					4C5CB6B81ADD3CC3009F9973 = {
						CreatedOnToolsVersion = 6.3;
						TestTargetID = 4C5CB69F1ADD3CC2009F9973;
					};
				};
			};
			buildConfigurationList = 4C5CB69B1ADD3CC2009F9973 /* Build configuration list for PBXProject "avmProjesi" */;
			compatibilityVersion = "Xcode 3.2";
			developmentRegion = English;
			hasScannedForEncodings = 0;
			knownRegions = (
				en,
				Base,
			);
			mainGroup = 4C5CB6971ADD3CC2009F9973;
			productRefGroup = 4C5CB6A11ADD3CC2009F9973 /* Products */;
			projectDirPath = "";
			projectRoot = "";
			targets = (
				4C5CB69F1ADD3CC2009F9973 /* avmProjesi */,
				4C5CB6B81ADD3CC3009F9973 /* avmProjesiTests */,
			);
		};
/* End PBXProject section */

/* Begin PBXResourcesBuildPhase section */
		4C5CB69E1ADD3CC2009F9973 /* Resources */ = {
			isa = PBXResourcesBuildPhase;
			buildActionMask = 2147483647;
			files = (
				4C5CB6AF1ADD3CC2009F9973 /* Main.storyboard in Resources */,
				4C5CB6B41ADD3CC2009F9973 /* LaunchScreen.xib in Resources */,
				4C5CB6B11ADD3CC2009F9973 /* Images.xcassets in Resources */,
			);
			runOnlyForDeploymentPostprocessing = 0;
		};
		4C5CB6B71ADD3CC3009F9973 /* Resources */ = {
			isa = PBXResourcesBuildPhase;
			buildActionMask = 2147483647;
			files = (
			);
			runOnlyForDeploymentPostprocessing = 0;
		};
/* End PBXResourcesBuildPhase section */

/* Begin PBXSourcesBuildPhase section */
		4C5CB69C1ADD3CC2009F9973 /* Sources */ = {
			isa = PBXSourcesBuildPhase;
			buildActionMask = 2147483647;
			files = (
				4C5CB6DB1ADD41B8009F9973 /* CategoryListViewController.m in Sources */,
				4C5CB6DE1ADD42A0009F9973 /* MagazaViewController.m in Sources */,
				4C5CB6A91ADD3CC2009F9973 /* AppDelegate.m in Sources */,
				4C5CB6A61ADD3CC2009F9973 /* main.m in Sources */,
				4C5CB6CF1ADD3F05009F9973 /* ParkCreateViewController.m in Sources */,
				4C5CB6D21ADD3F2A009F9973 /* ParkStatusViewController.m in Sources */,
				4C5CB6D51ADD4014009F9973 /* SearchViewController.m in Sources */,
				4C5CB6CB1ADD3E96009F9973 /* MainViewController.m in Sources */,
			);
			runOnlyForDeploymentPostprocessing = 0;
		};
		4C5CB6B51ADD3CC3009F9973 /* Sources */ = {
			isa = PBXSourcesBuildPhase;
			buildActionMask = 2147483647;
			files = (
				4C5CB6C01ADD3CC3009F9973 /* avmProjesiTests.m in Sources */,
			);
			runOnlyForDeploymentPostprocessing = 0;
		};
/* End PBXSourcesBuildPhase section */

/* Begin PBXTargetDependency section */
		4C5CB6BB1ADD3CC3009F9973 /* PBXTargetDependency */ = {
			isa = PBXTargetDependency;
			target = 4C5CB69F1ADD3CC2009F9973 /* avmProjesi */;
			targetProxy = 4C5CB6BA1ADD3CC3009F9973 /* PBXContainerItemProxy */;
		};
/* End PBXTargetDependency section */

/* Begin PBXVariantGroup section */
		4C5CB6AD1ADD3CC2009F9973 /* Main.storyboard */ = {
			isa = PBXVariantGroup;
			children = (
				4C5CB6AE1ADD3CC2009F9973 /* Base */,
			);
			name = Main.storyboard;
			sourceTree = "<group>";
		};
		4C5CB6B21ADD3CC2009F9973 /* LaunchScreen.xib */ = {
			isa = PBXVariantGroup;
			children = (
				4C5CB6B31ADD3CC2009F9973 /* Base */,
			);
			name = LaunchScreen.xib;
			sourceTree = "<group>";
		};
/* End PBXVariantGroup section */

/* Begin XCBuildConfiguration section */
		4C5CB6C11ADD3CC3009F9973 /* Debug */ = {
			isa = XCBuildConfiguration;
			buildSettings = {
				ALWAYS_SEARCH_USER_PATHS = NO;
				CLANG_CXX_LANGUAGE_STANDARD = "gnu++0x";
				CLANG_CXX_LIBRARY = "libc++";
				CLANG_ENABLE_MODULES = YES;
				CLANG_ENABLE_OBJC_ARC = YES;
				CLANG_WARN_BOOL_CONVERSION = YES;
				CLANG_WARN_CONSTANT_CONVERSION = YES;
				CLANG_WARN_DIRECT_OBJC_ISA_USAGE = YES_ERROR;
				CLANG_WARN_EMPTY_BODY = YES;
				CLANG_WARN_ENUM_CONVERSION = YES;
				CLANG_WARN_INT_CONVERSION = YES;
				CLANG_WARN_OBJC_ROOT_CLASS = YES_ERROR;
				CLANG_WARN_UNREACHABLE_CODE = YES;
				CLANG_WARN__DUPLICATE_METHOD_MATCH = YES;
				"CODE_SIGN_IDENTITY[sdk=iphoneos*]" = "iPhone Developer";
				COPY_PHASE_STRIP = NO;
				DEBUG_INFORMATION_FORMAT = "dwarf-with-dsym";
				ENABLE_STRICT_OBJC_MSGSEND = YES;
				GCC_C_LANGUAGE_STANDARD = gnu99;
				GCC_DYNAMIC_NO_PIC = NO;
				GCC_NO_COMMON_BLOCKS = YES;
				GCC_OPTIMIZATION_LEVEL = 0;
				GCC_PREPROCESSOR_DEFINITIONS = (
					"DEBUG=1",
					"$(inherited)",
				);
				GCC_SYMBOLS_PRIVATE_EXTERN = NO;
				GCC_WARN_64_TO_32_BIT_CONVERSION = YES;
				GCC_WARN_ABOUT_RETURN_TYPE = YES_ERROR;
				GCC_WARN_UNDECLARED_SELECTOR = YES;
				GCC_WARN_UNINITIALIZED_AUTOS = YES_AGGRESSIVE;
				GCC_WARN_UNUSED_FUNCTION = YES;
				GCC_WARN_UNUSED_VARIABLE = YES;
				IPHONEOS_DEPLOYMENT_TARGET = 8.3;
				MTL_ENABLE_DEBUG_INFO = YES;
				ONLY_ACTIVE_ARCH = YES;
				SDKROOT = iphoneos;
			};
			name = Debug;
		};
		4C5CB6C21ADD3CC3009F9973 /* Release */ = {
			isa = XCBuildConfiguration;
			buildSettings = {
				ALWAYS_SEARCH_USER_PATHS = NO;
				CLANG_CXX_LANGUAGE_STANDARD = "gnu++0x";
				CLANG_CXX_LIBRARY = "libc++";
				CLANG_ENABLE_MODULES = YES;
				CLANG_ENABLE_OBJC_ARC = YES;
				CLANG_WARN_BOOL_CONVERSION = YES;
				CLANG_WARN_CONSTANT_CONVERSION = YES;
				CLANG_WARN_DIRECT_OBJC_ISA_USAGE = YES_ERROR;
				CLANG_WARN_EMPTY_BODY = YES;
				CLANG_WARN_ENUM_CONVERSION = YES;
				CLANG_WARN_INT_CONVERSION = YES;
				CLANG_WARN_OBJC_ROOT_CLASS = YES_ERROR;
				CLANG_WARN_UNREACHABLE_CODE = YES;
				CLANG_WARN__DUPLICATE_METHOD_MATCH = YES;
				"CODE_SIGN_IDENTITY[sdk=iphoneos*]" = "iPhone Developer";
				COPY_PHASE_STRIP = NO;
				DEBUG_INFORMATION_FORMAT = "dwarf-with-dsym";
				ENABLE_NS_ASSERTIONS = NO;
				ENABLE_STRICT_OBJC_MSGSEND = YES;
				GCC_C_LANGUAGE_STANDARD = gnu99;
				GCC_NO_COMMON_BLOCKS = YES;
				GCC_WARN_64_TO_32_BIT_CONVERSION = YES;
				GCC_WARN_ABOUT_RETURN_TYPE = YES_ERROR;
				GCC_WARN_UNDECLARED_SELECTOR = YES;
				GCC_WARN_UNINITIALIZED_AUTOS = YES_AGGRESSIVE;
				GCC_WARN_UNUSED_FUNCTION = YES;
				GCC_WARN_UNUSED_VARIABLE = YES;
				IPHONEOS_DEPLOYMENT_TARGET = 8.3;
				MTL_ENABLE_DEBUG_INFO = NO;
				SDKROOT = iphoneos;
				VALIDATE_PRODUCT = YES;
			};
			name = Release;
		};
		4C5CB6C41ADD3CC3009F9973 /* Debug */ = {
			isa = XCBuildConfiguration;
			buildSettings = {
				ASSETCATALOG_COMPILER_APPICON_NAME = AppIcon;
				INFOPLIST_FILE = avmProjesi/Info.plist;
				LD_RUNPATH_SEARCH_PATHS = "$(inherited) @executable_path/Frameworks";
				PRODUCT_NAME = "$(TARGET_NAME)";
			};
			name = Debug;
		};
		4C5CB6C51ADD3CC3009F9973 /* Release */ = {
			isa = XCBuildConfiguration;
			buildSettings = {
				ASSETCATALOG_COMPILER_APPICON_NAME = AppIcon;
				INFOPLIST_FILE = avmProjesi/Info.plist;
				LD_RUNPATH_SEARCH_PATHS = "$(inherited) @executable_path/Frameworks";
				PRODUCT_NAME = "$(TARGET_NAME)";
			};
			name = Release;
		};
		4C5CB6C71ADD3CC3009F9973 /* Debug */ = {
			isa = XCBuildConfiguration;
			buildSettings = {
				BUNDLE_LOADER = "$(TEST_HOST)";
				FRAMEWORK_SEARCH_PATHS = (
					"$(SDKROOT)/Developer/Library/Frameworks",
					"$(inherited)",
				);
				GCC_PREPROCESSOR_DEFINITIONS = (
					"DEBUG=1",
					"$(inherited)",
				);
				INFOPLIST_FILE = avmProjesiTests/Info.plist;
				LD_RUNPATH_SEARCH_PATHS = "$(inherited) @executable_path/Frameworks @loader_path/Frameworks";
				PRODUCT_NAME = "$(TARGET_NAME)";
				TEST_HOST = "$(BUILT_PRODUCTS_DIR)/avmProjesi.app/avmProjesi";
			};
			name = Debug;
		};
		4C5CB6C81ADD3CC3009F9973 /* Release */ = {
			isa = XCBuildConfiguration;
			buildSettings = {
				BUNDLE_LOADER = "$(TEST_HOST)";
				FRAMEWORK_SEARCH_PATHS = (
					"$(SDKROOT)/Developer/Library/Frameworks",
					"$(inherited)",
				);
				INFOPLIST_FILE = avmProjesiTests/Info.plist;
				LD_RUNPATH_SEARCH_PATHS = "$(inherited) @executable_path/Frameworks @loader_path/Frameworks";
				PRODUCT_NAME = "$(TARGET_NAME)";
				TEST_HOST = "$(BUILT_PRODUCTS_DIR)/avmProjesi.app/avmProjesi";
			};
			name = Release;
		};
/* End XCBuildConfiguration section */

/* Begin XCConfigurationList section */
		4C5CB69B1ADD3CC2009F9973 /* Build configuration list for PBXProject "avmProjesi" */ = {
			isa = XCConfigurationList;
			buildConfigurations = (
				4C5CB6C11ADD3CC3009F9973 /* Debug */,
				4C5CB6C21ADD3CC3009F9973 /* Release */,
			);
			defaultConfigurationIsVisible = 0;
			defaultConfigurationName = Release;
		};
		4C5CB6C31ADD3CC3009F9973 /* Build configuration list for PBXNativeTarget "avmProjesi" */ = {
			isa = XCConfigurationList;
			buildConfigurations = (
				4C5CB6C41ADD3CC3009F9973 /* Debug */,
				4C5CB6C51ADD3CC3009F9973 /* Release */,
			);
			defaultConfigurationIsVisible = 0;
		};
		4C5CB6C61ADD3CC3009F9973 /* Build configuration list for PBXNativeTarget "avmProjesiTests" */ = {
			isa = XCConfigurationList;
			buildConfigurations = (
				4C5CB6C71ADD3CC3009F9973 /* Debug */,
				4C5CB6C81ADD3CC3009F9973 /* Release */,
			);
			defaultConfigurationIsVisible = 0;
		};
/* End XCConfigurationList section */
	};
	rootObject = 4C5CB6981ADD3CC2009F9973 /* Project object */;
}
